
Microsoft Visual Studio Solution File, Format Version 12.00
# Visual Studio Version 17
VisualStudioVersion = 17.7.34024.191
MinimumVisualStudioVersion = 10.0.40219.1
Project("{8BC9CEB8-8B4A-11D0-8D11-00A0C91BC942}") = "EasyDivisor", "EasyDivisor\EasyDivisor.vcxproj", "{F062FC4A-FF3B-4B16-AB5B-6C88656CB758}"
EndProject
Global
	GlobalSection(SolutionConfigurationPlatforms) = preSolution
		Debug|x64 = Debug|x64
		Debug|x86 = Debug|x86
		Release|x64 = Release|x64
		Release|x86 = Release|x86
	EndGlobalSection
	GlobalSection(ProjectConfigurationPlatforms) = postSolution
		{F062FC4A-FF3B-4B16-AB5B-6C88656CB758}.Debug|x64.ActiveCfg = Debug|x64
		{F062FC4A-FF3B-4B16-AB5B-6C88656CB758}.Debug|x64.Build.0 = Debug|x64
		{F062FC4A-FF3B-4B16-AB5B-6C88656CB758}.Debug|x86.ActiveCfg = Debug|Win32
		{F062FC4A-FF3B-4B16-AB5B-6C88656CB758}.Debug|x86.Build.0 = Debug|Win32
		{F062FC4A-FF3B-4B16-AB5B-6C88656CB758}.Release|x64.ActiveCfg = Release|x64
		{F062FC4A-FF3B-4B16-AB5B-6C88656CB758}.Release|x64.Build.0 = Release|x64
		{F062FC4A-FF3B-4B16-AB5B-6C88656CB758}.Release|x86.ActiveCfg = Release|Win32
		{F062FC4A-FF3B-4B16-AB5B-6C88656CB758}.Release|x86.Build.0 = Release|Win32
	EndGlobalSection
	GlobalSection(SolutionProperties) = preSolution
		HideSolutionNode = FALSE
	EndGlobalSection
	GlobalSection(ExtensibilityGlobals) = postSolution
		SolutionGuid = {D2DC5736-1B0D-4046-88D2-B93F6E50E613}
	EndGlobalSection
EndGlobal
